
Microsoft Visual Studio Solution File, Format Version 12.00
# Visual Studio Version 17
VisualStudioVersion = 17.3.32825.248
MinimumVisualStudioVersion = 10.0.40219.1
Project("{FAE04EC0-301F-11D3-BF4B-00C04F79EFBC}") = "Northwind.Entities", "Northwind.Entities\Northwind.Entities.csproj", "{DB5C6610-B272-4906-88A5-28F62337A8B6}"
EndProject
Project("{FAE04EC0-301F-11D3-BF4B-00C04F79EFBC}") = "Northwind.DataAccess", "Northwind.DataAccess\Northwind.DataAccess.csproj", "{06E7EF41-DB3D-4C8C-8382-0EEF1680D301}"
EndProject
Project("{FAE04EC0-301F-11D3-BF4B-00C04F79EFBC}") = "Northwind.Business", "Northwind.Business\Northwind.Business.csproj", "{10E01C96-9740-4ED6-8DF3-1F52A3C3DE5A}"
EndProject
Project("{FAE04EC0-301F-11D3-BF4B-00C04F79EFBC}") = "Northwind.WebFormsUI", "Northwind.WebFormsUI\Northwind.WebFormsUI.csproj", "{26148CA6-81D6-40AC-9CE7-84A63308B90A}"
EndProject
Global
	GlobalSection(SolutionConfigurationPlatforms) = preSolution
		Debug|Any CPU = Debug|Any CPU
		Release|Any CPU = Release|Any CPU
	EndGlobalSection
	GlobalSection(ProjectConfigurationPlatforms) = postSolution
		{DB5C6610-B272-4906-88A5-28F62337A8B6}.Debug|Any CPU.ActiveCfg = Debug|Any CPU
		{DB5C6610-B272-4906-88A5-28F62337A8B6}.Debug|Any CPU.Build.0 = Debug|Any CPU
		{DB5C6610-B272-4906-88A5-28F62337A8B6}.Release|Any CPU.ActiveCfg = Release|Any CPU
		{DB5C6610-B272-4906-88A5-28F62337A8B6}.Release|Any CPU.Build.0 = Release|Any CPU
		{06E7EF41-DB3D-4C8C-8382-0EEF1680D301}.Debug|Any CPU.ActiveCfg = Debug|Any CPU
		{06E7EF41-DB3D-4C8C-8382-0EEF1680D301}.Debug|Any CPU.Build.0 = Debug|Any CPU
		{06E7EF41-DB3D-4C8C-8382-0EEF1680D301}.Release|Any CPU.ActiveCfg = Release|Any CPU
		{06E7EF41-DB3D-4C8C-8382-0EEF1680D301}.Release|Any CPU.Build.0 = Release|Any CPU
		{10E01C96-9740-4ED6-8DF3-1F52A3C3DE5A}.Debug|Any CPU.ActiveCfg = Debug|Any CPU
		{10E01C96-9740-4ED6-8DF3-1F52A3C3DE5A}.Debug|Any CPU.Build.0 = Debug|Any CPU
		{10E01C96-9740-4ED6-8DF3-1F52A3C3DE5A}.Release|Any CPU.ActiveCfg = Release|Any CPU
		{10E01C96-9740-4ED6-8DF3-1F52A3C3DE5A}.Release|Any CPU.Build.0 = Release|Any CPU
		{26148CA6-81D6-40AC-9CE7-84A63308B90A}.Debug|Any CPU.ActiveCfg = Debug|Any CPU
		{26148CA6-81D6-40AC-9CE7-84A63308B90A}.Debug|Any CPU.Build.0 = Debug|Any CPU
		{26148CA6-81D6-40AC-9CE7-84A63308B90A}.Release|Any CPU.ActiveCfg = Release|Any CPU
		{26148CA6-81D6-40AC-9CE7-84A63308B90A}.Release|Any CPU.Build.0 = Release|Any CPU
	EndGlobalSection
	GlobalSection(SolutionProperties) = preSolution
		HideSolutionNode = FALSE
	EndGlobalSection
	GlobalSection(ExtensibilityGlobals) = postSolution
		SolutionGuid = {B95745B4-A15D-4FA3-A3F0-A2B52D78DE44}
	EndGlobalSection
EndGlobal
